
Microsoft Visual Studio Solution File, Format Version 12.00
# Visual Studio 14
VisualStudioVersion = 14.0.22823.1
MinimumVisualStudioVersion = 10.0.40219.1
Project("{FAE04EC0-301F-11D3-BF4B-00C04F79EFBC}") = "FootballWithBeer.WebApi", "FootballWithBeer.WebApi\FootballWithBeer.WebApi.csproj", "{813EABFD-F0C0-4819-A048-C9440FDAB6CB}"
EndProject
Project("{FAE04EC0-301F-11D3-BF4B-00C04F79EFBC}") = "FootballWithBeer.FrontEnd", "FootballWithBeer.FrontEnd\FootballWithBeer.FrontEnd.csproj", "{06429210-AB51-423B-B7EF-BE693B663CCA}"
EndProject
Global
	GlobalSection(SolutionConfigurationPlatforms) = preSolution
		Debug|Any CPU = Debug|Any CPU
		Release|Any CPU = Release|Any CPU
	EndGlobalSection
	GlobalSection(ProjectConfigurationPlatforms) = postSolution
		{813EABFD-F0C0-4819-A048-C9440FDAB6CB}.Debug|Any CPU.ActiveCfg = Debug|Any CPU
		{813EABFD-F0C0-4819-A048-C9440FDAB6CB}.Debug|Any CPU.Build.0 = Debug|Any CPU
		{813EABFD-F0C0-4819-A048-C9440FDAB6CB}.Release|Any CPU.ActiveCfg = Release|Any CPU
		{813EABFD-F0C0-4819-A048-C9440FDAB6CB}.Release|Any CPU.Build.0 = Release|Any CPU
		{06429210-AB51-423B-B7EF-BE693B663CCA}.Debug|Any CPU.ActiveCfg = Debug|Any CPU
		{06429210-AB51-423B-B7EF-BE693B663CCA}.Debug|Any CPU.Build.0 = Debug|Any CPU
		{06429210-AB51-423B-B7EF-BE693B663CCA}.Release|Any CPU.ActiveCfg = Release|Any CPU
		{06429210-AB51-423B-B7EF-BE693B663CCA}.Release|Any CPU.Build.0 = Release|Any CPU
	EndGlobalSection
	GlobalSection(SolutionProperties) = preSolution
		HideSolutionNode = FALSE
	EndGlobalSection
EndGlobal
